// !$*UTF8*$!
{
	archiveVersion = 1;
	classes = {
	};
	objectVersion = 56;
	objects = {

/* Begin PBXBuildFile section */
		513A51A52DC1C230000B2BCF /* AppDelegate.swift in Sources */ = {isa = PBXBuildFile; fileRef = 513A51A42DC1C230000B2BCF /* AppDelegate.swift */; };
		513A51A72DC1C230000B2BCF /* SceneDelegate.swift in Sources */ = {isa = PBXBuildFile; fileRef = 513A51A62DC1C230000B2BCF /* SceneDelegate.swift */; };
		513A51A92DC1C230000B2BCF /* SearchUserListViewController.swift in Sources */ = {isa = PBXBuildFile; fileRef = 513A51A82DC1C230000B2BCF /* SearchUserListViewController.swift */; };
		513A51AC2DC1C230000B2BCF /* Main.storyboard in Resources */ = {isa = PBXBuildFile; fileRef = 513A51AA2DC1C230000B2BCF /* Main.storyboard */; };
		513A51AE2DC1C232000B2BCF /* Assets.xcassets in Resources */ = {isa = PBXBuildFile; fileRef = 513A51AD2DC1C232000B2BCF /* Assets.xcassets */; };
		513A51B12DC1C232000B2BCF /* LaunchScreen.storyboard in Resources */ = {isa = PBXBuildFile; fileRef = 513A51AF2DC1C232000B2BCF /* LaunchScreen.storyboard */; };
		513A51BD2DC1C3E6000B2BCF /* SearchUserListView.swift in Sources */ = {isa = PBXBuildFile; fileRef = 513A51BC2DC1C3E6000B2BCF /* SearchUserListView.swift */; };
		513A51BF2DC1C3F4000B2BCF /* SearchUserListView.xib in Resources */ = {isa = PBXBuildFile; fileRef = 513A51BE2DC1C3F4000B2BCF /* SearchUserListView.xib */; };
		513A51C22DC1D4FD000B2BCF /* Alamofire in Frameworks */ = {isa = PBXBuildFile; productRef = 513A51C12DC1D4FD000B2BCF /* Alamofire */; };
		513A51C42DC1D520000B2BCF /* SearchUserListViewModel.swift in Sources */ = {isa = PBXBuildFile; fileRef = 513A51C32DC1D520000B2BCF /* SearchUserListViewModel.swift */; };
		513A51C62DC1DE1C000B2BCF /* SearchUserList.swift in Sources */ = {isa = PBXBuildFile; fileRef = 513A51C52DC1DE1C000B2BCF /* SearchUserList.swift */; };
		513A51C82DC1DEDD000B2BCF /* APIRouter.swift in Sources */ = {isa = PBXBuildFile; fileRef = 513A51C72DC1DEDD000B2BCF /* APIRouter.swift */; };
		513A51CB2DC1E31E000B2BCF /* APIClient.swift in Sources */ = {isa = PBXBuildFile; fileRef = 513A51CA2DC1E31E000B2BCF /* APIClient.swift */; };
		513A51D22DC2326B000B2BCF /* SearchUserListCell.swift in Sources */ = {isa = PBXBuildFile; fileRef = 513A51D02DC2326B000B2BCF /* SearchUserListCell.swift */; };
		513A51D32DC2326B000B2BCF /* SearchUserListCell.xib in Resources */ = {isa = PBXBuildFile; fileRef = 513A51D12DC2326B000B2BCF /* SearchUserListCell.xib */; };
		513A51DC2DC23502000B2BCF /* Kingfisher in Frameworks */ = {isa = PBXBuildFile; productRef = 513A51DB2DC23502000B2BCF /* Kingfisher */; };
		513A51DF2DC24060000B2BCF /* UIViewExtension.swift in Sources */ = {isa = PBXBuildFile; fileRef = 513A51DE2DC24060000B2BCF /* UIViewExtension.swift */; };
/* End PBXBuildFile section */

/* Begin PBXFileReference section */
		513A51A12DC1C230000B2BCF /* GithubAPI.app */ = {isa = PBXFileReference; explicitFileType = wrapper.application; includeInIndex = 0; path = GithubAPI.app; sourceTree = BUILT_PRODUCTS_DIR; };
		513A51A42DC1C230000B2BCF /* AppDelegate.swift */ = {isa = PBXFileReference; lastKnownFileType = sourcecode.swift; path = AppDelegate.swift; sourceTree = "<group>"; };
		513A51A62DC1C230000B2BCF /* SceneDelegate.swift */ = {isa = PBXFileReference; lastKnownFileType = sourcecode.swift; path = SceneDelegate.swift; sourceTree = "<group>"; };
		513A51A82DC1C230000B2BCF /* SearchUserListViewController.swift */ = {isa = PBXFileReference; lastKnownFileType = sourcecode.swift; path = SearchUserListViewController.swift; sourceTree = "<group>"; };
		513A51AB2DC1C230000B2BCF /* Base */ = {isa = PBXFileReference; lastKnownFileType = file.storyboard; name = Base; path = Base.lproj/Main.storyboard; sourceTree = "<group>"; };
		513A51AD2DC1C232000B2BCF /* Assets.xcassets */ = {isa = PBXFileReference; lastKnownFileType = folder.assetcatalog; path = Assets.xcassets; sourceTree = "<group>"; };
		513A51B02DC1C232000B2BCF /* Base */ = {isa = PBXFileReference; lastKnownFileType = file.storyboard; name = Base; path = Base.lproj/LaunchScreen.storyboard; sourceTree = "<group>"; };
		513A51B22DC1C232000B2BCF /* Info.plist */ = {isa = PBXFileReference; lastKnownFileType = text.plist.xml; path = Info.plist; sourceTree = "<group>"; };
		513A51BC2DC1C3E6000B2BCF /* SearchUserListView.swift */ = {isa = PBXFileReference; lastKnownFileType = sourcecode.swift; path = SearchUserListView.swift; sourceTree = "<group>"; };
		513A51BE2DC1C3F4000B2BCF /* SearchUserListView.xib */ = {isa = PBXFileReference; lastKnownFileType = file.xib; path = SearchUserListView.xib; sourceTree = "<group>"; };
		513A51C32DC1D520000B2BCF /* SearchUserListViewModel.swift */ = {isa = PBXFileReference; lastKnownFileType = sourcecode.swift; path = SearchUserListViewModel.swift; sourceTree = "<group>"; };
		513A51C52DC1DE1C000B2BCF /* SearchUserList.swift */ = {isa = PBXFileReference; lastKnownFileType = sourcecode.swift; path = SearchUserList.swift; sourceTree = "<group>"; };
		513A51C72DC1DEDD000B2BCF /* APIRouter.swift */ = {isa = PBXFileReference; lastKnownFileType = sourcecode.swift; path = APIRouter.swift; sourceTree = "<group>"; };
		513A51CA2DC1E31E000B2BCF /* APIClient.swift */ = {isa = PBXFileReference; lastKnownFileType = sourcecode.swift; path = APIClient.swift; sourceTree = "<group>"; };
		513A51D02DC2326B000B2BCF /* SearchUserListCell.swift */ = {isa = PBXFileReference; lastKnownFileType = sourcecode.swift; path = SearchUserListCell.swift; sourceTree = "<group>"; };
		513A51D12DC2326B000B2BCF /* SearchUserListCell.xib */ = {isa = PBXFileReference; lastKnownFileType = file.xib; path = SearchUserListCell.xib; sourceTree = "<group>"; };
		513A51DE2DC24060000B2BCF /* UIViewExtension.swift */ = {isa = PBXFileReference; lastKnownFileType = sourcecode.swift; path = UIViewExtension.swift; sourceTree = "<group>"; };
/* End PBXFileReference section */

/* Begin PBXFrameworksBuildPhase section */
		513A519E2DC1C230000B2BCF /* Frameworks */ = {
			isa = PBXFrameworksBuildPhase;
			buildActionMask = 2147483647;
			files = (
				513A51DC2DC23502000B2BCF /* Kingfisher in Frameworks */,
				513A51C22DC1D4FD000B2BCF /* Alamofire in Frameworks */,
			);
			runOnlyForDeploymentPostprocessing = 0;
		};
/* End PBXFrameworksBuildPhase section */

/* Begin PBXGroup section */
		513A51982DC1C230000B2BCF = {
			isa = PBXGroup;
			children = (
				513A51A32DC1C230000B2BCF /* GithubAPI */,
				513A51A22DC1C230000B2BCF /* Products */,
			);
			sourceTree = "<group>";
		};
		513A51A22DC1C230000B2BCF /* Products */ = {
			isa = PBXGroup;
			children = (
				513A51A12DC1C230000B2BCF /* GithubAPI.app */,
			);
			name = Products;
			sourceTree = "<group>";
		};
		513A51A32DC1C230000B2BCF /* GithubAPI */ = {
			isa = PBXGroup;
			children = (
				513A51DD2DC24053000B2BCF /* Extensions */,
				513A51C92DC1E2DB000B2BCF /* Utilities */,
				513A51BB2DC1C2D0000B2BCF /* Models */,
				513A51B82DC1C2B1000B2BCF /* Views */,
				513A51BA2DC1C2C4000B2BCF /* ViewModels */,
				513A51B92DC1C2BA000B2BCF /* ViewControllers */,
				513A51A42DC1C230000B2BCF /* AppDelegate.swift */,
				513A51A62DC1C230000B2BCF /* SceneDelegate.swift */,
				513A51AA2DC1C230000B2BCF /* Main.storyboard */,
				513A51AD2DC1C232000B2BCF /* Assets.xcassets */,
				513A51AF2DC1C232000B2BCF /* LaunchScreen.storyboard */,
				513A51B22DC1C232000B2BCF /* Info.plist */,
			);
			path = GithubAPI;
			sourceTree = "<group>";
		};
		513A51B82DC1C2B1000B2BCF /* Views */ = {
			isa = PBXGroup;
			children = (
				513A51CF2DC2324C000B2BCF /* TableViewCells */,
				513A51BC2DC1C3E6000B2BCF /* SearchUserListView.swift */,
				513A51BE2DC1C3F4000B2BCF /* SearchUserListView.xib */,
			);
			path = Views;
			sourceTree = "<group>";
		};
		513A51B92DC1C2BA000B2BCF /* ViewControllers */ = {
			isa = PBXGroup;
			children = (
				513A51A82DC1C230000B2BCF /* SearchUserListViewController.swift */,
			);
			path = ViewControllers;
			sourceTree = "<group>";
		};
		513A51BA2DC1C2C4000B2BCF /* ViewModels */ = {
			isa = PBXGroup;
			children = (
				513A51C32DC1D520000B2BCF /* SearchUserListViewModel.swift */,
			);
			path = ViewModels;
			sourceTree = "<group>";
		};
		513A51BB2DC1C2D0000B2BCF /* Models */ = {
			isa = PBXGroup;
			children = (
				513A51C52DC1DE1C000B2BCF /* SearchUserList.swift */,
				513A51C72DC1DEDD000B2BCF /* APIRouter.swift */,
			);
			path = Models;
			sourceTree = "<group>";
		};
		513A51C92DC1E2DB000B2BCF /* Utilities */ = {
			isa = PBXGroup;
			children = (
				513A51CA2DC1E31E000B2BCF /* APIClient.swift */,
			);
			path = Utilities;
			sourceTree = "<group>";
		};
		513A51CF2DC2324C000B2BCF /* TableViewCells */ = {
			isa = PBXGroup;
			children = (
				513A51D02DC2326B000B2BCF /* SearchUserListCell.swift */,
				513A51D12DC2326B000B2BCF /* SearchUserListCell.xib */,
			);
			path = TableViewCells;
			sourceTree = "<group>";
		};
		513A51DD2DC24053000B2BCF /* Extensions */ = {
			isa = PBXGroup;
			children = (
				513A51DE2DC24060000B2BCF /* UIViewExtension.swift */,
			);
			path = Extensions;
			sourceTree = "<group>";
		};
/* End PBXGroup section */

/* Begin PBXNativeTarget section */
		513A51A02DC1C230000B2BCF /* GithubAPI */ = {
			isa = PBXNativeTarget;
			buildConfigurationList = 513A51B52DC1C232000B2BCF /* Build configuration list for PBXNativeTarget "GithubAPI" */;
			buildPhases = (
				513A519D2DC1C230000B2BCF /* Sources */,
				513A519E2DC1C230000B2BCF /* Frameworks */,
				513A519F2DC1C230000B2BCF /* Resources */,
			);
			buildRules = (
			);
			dependencies = (
			);
			name = GithubAPI;
			packageProductDependencies = (
				513A51C12DC1D4FD000B2BCF /* Alamofire */,
				513A51DB2DC23502000B2BCF /* Kingfisher */,
			);
			productName = GithubAPI;
			productReference = 513A51A12DC1C230000B2BCF /* GithubAPI.app */;
			productType = "com.apple.product-type.application";
		};
/* End PBXNativeTarget section */

/* Begin PBXProject section */
		513A51992DC1C230000B2BCF /* Project object */ = {
			isa = PBXProject;
			attributes = {
				BuildIndependentTargetsInParallel = 1;
				LastSwiftUpdateCheck = 1410;
				LastUpgradeCheck = 1410;
				TargetAttributes = {
					513A51A02DC1C230000B2BCF = {
						CreatedOnToolsVersion = 14.1;
					};
				};
			};
			buildConfigurationList = 513A519C2DC1C230000B2BCF /* Build configuration list for PBXProject "GithubAPI" */;
			compatibilityVersion = "Xcode 14.0";
			developmentRegion = en;
			hasScannedForEncodings = 0;
			knownRegions = (
				en,
				Base,
			);
			mainGroup = 513A51982DC1C230000B2BCF;
			packageReferences = (
				513A51C02DC1D4FD000B2BCF /* XCRemoteSwiftPackageReference "Alamofire" */,
				513A51DA2DC23502000B2BCF /* XCRemoteSwiftPackageReference "Kingfisher" */,
			);
			productRefGroup = 513A51A22DC1C230000B2BCF /* Products */;
			projectDirPath = "";
			projectRoot = "";
			targets = (
				513A51A02DC1C230000B2BCF /* GithubAPI */,
			);
		};
/* End PBXProject section */

/* Begin PBXResourcesBuildPhase section */
		513A519F2DC1C230000B2BCF /* Resources */ = {
			isa = PBXResourcesBuildPhase;
			buildActionMask = 2147483647;
			files = (
				513A51B12DC1C232000B2BCF /* LaunchScreen.storyboard in Resources */,
				513A51D32DC2326B000B2BCF /* SearchUserListCell.xib in Resources */,
				513A51AE2DC1C232000B2BCF /* Assets.xcassets in Resources */,
				513A51AC2DC1C230000B2BCF /* Main.storyboard in Resources */,
				513A51BF2DC1C3F4000B2BCF /* SearchUserListView.xib in Resources */,
			);
			runOnlyForDeploymentPostprocessing = 0;
		};
/* End PBXResourcesBuildPhase section */

/* Begin PBXSourcesBuildPhase section */
		513A519D2DC1C230000B2BCF /* Sources */ = {
			isa = PBXSourcesBuildPhase;
			buildActionMask = 2147483647;
			files = (
				513A51DF2DC24060000B2BCF /* UIViewExtension.swift in Sources */,
				513A51C82DC1DEDD000B2BCF /* APIRouter.swift in Sources */,
				513A51A92DC1C230000B2BCF /* SearchUserListViewController.swift in Sources */,
				513A51A52DC1C230000B2BCF /* AppDelegate.swift in Sources */,
				513A51CB2DC1E31E000B2BCF /* APIClient.swift in Sources */,
				513A51C62DC1DE1C000B2BCF /* SearchUserList.swift in Sources */,
				513A51A72DC1C230000B2BCF /* SceneDelegate.swift in Sources */,
				513A51BD2DC1C3E6000B2BCF /* SearchUserListView.swift in Sources */,
				513A51C42DC1D520000B2BCF /* SearchUserListViewModel.swift in Sources */,
				513A51D22DC2326B000B2BCF /* SearchUserListCell.swift in Sources */,
			);
			runOnlyForDeploymentPostprocessing = 0;
		};
/* End PBXSourcesBuildPhase section */

/* Begin PBXVariantGroup section */
		513A51AA2DC1C230000B2BCF /* Main.storyboard */ = {
			isa = PBXVariantGroup;
			children = (
				513A51AB2DC1C230000B2BCF /* Base */,
			);
			name = Main.storyboard;
			sourceTree = "<group>";
		};
		513A51AF2DC1C232000B2BCF /* LaunchScreen.storyboard */ = {
			isa = PBXVariantGroup;
			children = (
				513A51B02DC1C232000B2BCF /* Base */,
			);
			name = LaunchScreen.storyboard;
			sourceTree = "<group>";
		};
/* End PBXVariantGroup section */

/* Begin XCBuildConfiguration section */
		513A51B32DC1C232000B2BCF /* Debug */ = {
			isa = XCBuildConfiguration;
			buildSettings = {
				ALWAYS_SEARCH_USER_PATHS = NO;
				CLANG_ANALYZER_NONNULL = YES;
				CLANG_ANALYZER_NUMBER_OBJECT_CONVERSION = YES_AGGRESSIVE;
				CLANG_CXX_LANGUAGE_STANDARD = "gnu++20";
				CLANG_ENABLE_MODULES = YES;
				CLANG_ENABLE_OBJC_ARC = YES;
				CLANG_ENABLE_OBJC_WEAK = YES;
				CLANG_WARN_BLOCK_CAPTURE_AUTORELEASING = YES;
				CLANG_WARN_BOOL_CONVERSION = YES;
				CLANG_WARN_COMMA = YES;
				CLANG_WARN_CONSTANT_CONVERSION = YES;
				CLANG_WARN_DEPRECATED_OBJC_IMPLEMENTATIONS = YES;
				CLANG_WARN_DIRECT_OBJC_ISA_USAGE = YES_ERROR;
				CLANG_WARN_DOCUMENTATION_COMMENTS = YES;
				CLANG_WARN_EMPTY_BODY = YES;
				CLANG_WARN_ENUM_CONVERSION = YES;
				CLANG_WARN_INFINITE_RECURSION = YES;
				CLANG_WARN_INT_CONVERSION = YES;
				CLANG_WARN_NON_LITERAL_NULL_CONVERSION = YES;
				CLANG_WARN_OBJC_IMPLICIT_RETAIN_SELF = YES;
				CLANG_WARN_OBJC_LITERAL_CONVERSION = YES;
				CLANG_WARN_OBJC_ROOT_CLASS = YES_ERROR;
				CLANG_WARN_QUOTED_INCLUDE_IN_FRAMEWORK_HEADER = YES;
				CLANG_WARN_RANGE_LOOP_ANALYSIS = YES;
				CLANG_WARN_STRICT_PROTOTYPES = YES;
				CLANG_WARN_SUSPICIOUS_MOVE = YES;
				CLANG_WARN_UNGUARDED_AVAILABILITY = YES_AGGRESSIVE;
				CLANG_WARN_UNREACHABLE_CODE = YES;
				CLANG_WARN__DUPLICATE_METHOD_MATCH = YES;
				COPY_PHASE_STRIP = NO;
				DEBUG_INFORMATION_FORMAT = dwarf;
				ENABLE_STRICT_OBJC_MSGSEND = YES;
				ENABLE_TESTABILITY = YES;
				GCC_C_LANGUAGE_STANDARD = gnu11;
				GCC_DYNAMIC_NO_PIC = NO;
				GCC_NO_COMMON_BLOCKS = YES;
				GCC_OPTIMIZATION_LEVEL = 0;
				GCC_PREPROCESSOR_DEFINITIONS = (
					"DEBUG=1",
					"$(inherited)",
				);
				GCC_WARN_64_TO_32_BIT_CONVERSION = YES;
				GCC_WARN_ABOUT_RETURN_TYPE = YES_ERROR;
				GCC_WARN_UNDECLARED_SELECTOR = YES;
				GCC_WARN_UNINITIALIZED_AUTOS = YES_AGGRESSIVE;
				GCC_WARN_UNUSED_FUNCTION = YES;
				GCC_WARN_UNUSED_VARIABLE = YES;
				IPHONEOS_DEPLOYMENT_TARGET = 16.1;
				MTL_ENABLE_DEBUG_INFO = INCLUDE_SOURCE;
				MTL_FAST_MATH = YES;
				ONLY_ACTIVE_ARCH = YES;
				SDKROOT = iphoneos;
				SWIFT_ACTIVE_COMPILATION_CONDITIONS = DEBUG;
				SWIFT_OPTIMIZATION_LEVEL = "-Onone";
			};
			name = Debug;
		};
		513A51B42DC1C232000B2BCF /* Release */ = {
			isa = XCBuildConfiguration;
			buildSettings = {
				ALWAYS_SEARCH_USER_PATHS = NO;
				CLANG_ANALYZER_NONNULL = YES;
				CLANG_ANALYZER_NUMBER_OBJECT_CONVERSION = YES_AGGRESSIVE;
				CLANG_CXX_LANGUAGE_STANDARD = "gnu++20";
				CLANG_ENABLE_MODULES = YES;
				CLANG_ENABLE_OBJC_ARC = YES;
				CLANG_ENABLE_OBJC_WEAK = YES;
				CLANG_WARN_BLOCK_CAPTURE_AUTORELEASING = YES;
				CLANG_WARN_BOOL_CONVERSION = YES;
				CLANG_WARN_COMMA = YES;
				CLANG_WARN_CONSTANT_CONVERSION = YES;
				CLANG_WARN_DEPRECATED_OBJC_IMPLEMENTATIONS = YES;
				CLANG_WARN_DIRECT_OBJC_ISA_USAGE = YES_ERROR;
				CLANG_WARN_DOCUMENTATION_COMMENTS = YES;
				CLANG_WARN_EMPTY_BODY = YES;
				CLANG_WARN_ENUM_CONVERSION = YES;
				CLANG_WARN_INFINITE_RECURSION = YES;
				CLANG_WARN_INT_CONVERSION = YES;
				CLANG_WARN_NON_LITERAL_NULL_CONVERSION = YES;
				CLANG_WARN_OBJC_IMPLICIT_RETAIN_SELF = YES;
				CLANG_WARN_OBJC_LITERAL_CONVERSION = YES;
				CLANG_WARN_OBJC_ROOT_CLASS = YES_ERROR;
				CLANG_WARN_QUOTED_INCLUDE_IN_FRAMEWORK_HEADER = YES;
				CLANG_WARN_RANGE_LOOP_ANALYSIS = YES;
				CLANG_WARN_STRICT_PROTOTYPES = YES;
				CLANG_WARN_SUSPICIOUS_MOVE = YES;
				CLANG_WARN_UNGUARDED_AVAILABILITY = YES_AGGRESSIVE;
				CLANG_WARN_UNREACHABLE_CODE = YES;
				CLANG_WARN__DUPLICATE_METHOD_MATCH = YES;
				COPY_PHASE_STRIP = NO;
				DEBUG_INFORMATION_FORMAT = "dwarf-with-dsym";
				ENABLE_NS_ASSERTIONS = NO;
				ENABLE_STRICT_OBJC_MSGSEND = YES;
				GCC_C_LANGUAGE_STANDARD = gnu11;
				GCC_NO_COMMON_BLOCKS = YES;
				GCC_WARN_64_TO_32_BIT_CONVERSION = YES;
				GCC_WARN_ABOUT_RETURN_TYPE = YES_ERROR;
				GCC_WARN_UNDECLARED_SELECTOR = YES;
				GCC_WARN_UNINITIALIZED_AUTOS = YES_AGGRESSIVE;
				GCC_WARN_UNUSED_FUNCTION = YES;
				GCC_WARN_UNUSED_VARIABLE = YES;
				IPHONEOS_DEPLOYMENT_TARGET = 16.1;
				MTL_ENABLE_DEBUG_INFO = NO;
				MTL_FAST_MATH = YES;
				SDKROOT = iphoneos;
				SWIFT_COMPILATION_MODE = wholemodule;
				SWIFT_OPTIMIZATION_LEVEL = "-O";
				VALIDATE_PRODUCT = YES;
			};
			name = Release;
		};
		513A51B62DC1C232000B2BCF /* Debug */ = {
			isa = XCBuildConfiguration;
			buildSettings = {
				ASSETCATALOG_COMPILER_APPICON_NAME = AppIcon;
				ASSETCATALOG_COMPILER_GLOBAL_ACCENT_COLOR_NAME = AccentColor;
				CODE_SIGN_STYLE = Automatic;
				CURRENT_PROJECT_VERSION = 1;
				GENERATE_INFOPLIST_FILE = YES;
				INFOPLIST_FILE = GithubAPI/Info.plist;
				INFOPLIST_KEY_UIApplicationSupportsIndirectInputEvents = YES;
				INFOPLIST_KEY_UILaunchStoryboardName = LaunchScreen;
				INFOPLIST_KEY_UIMainStoryboardFile = Main;
				INFOPLIST_KEY_UISupportedInterfaceOrientations_iPad = "UIInterfaceOrientationPortrait UIInterfaceOrientationPortraitUpsideDown UIInterfaceOrientationLandscapeLeft UIInterfaceOrientationLandscapeRight";
				INFOPLIST_KEY_UISupportedInterfaceOrientations_iPhone = "UIInterfaceOrientationPortrait UIInterfaceOrientationLandscapeLeft UIInterfaceOrientationLandscapeRight";
				IPHONEOS_DEPLOYMENT_TARGET = 16.0;
				LD_RUNPATH_SEARCH_PATHS = (
					"$(inherited)",
					"@executable_path/Frameworks",
				);
				MARKETING_VERSION = 1.0;
				PRODUCT_BUNDLE_IDENTIFIER = com.rexjamesg.gutHubApi.GithubAPI;
				PRODUCT_NAME = "$(TARGET_NAME)";
				SWIFT_EMIT_LOC_STRINGS = YES;
				SWIFT_VERSION = 5.0;
				TARGETED_DEVICE_FAMILY = "1,2";
			};
			name = Debug;
		};
		513A51B72DC1C232000B2BCF /* Release */ = {
			isa = XCBuildConfiguration;
			buildSettings = {
				ASSETCATALOG_COMPILER_APPICON_NAME = AppIcon;
				ASSETCATALOG_COMPILER_GLOBAL_ACCENT_COLOR_NAME = AccentColor;
				CODE_SIGN_STYLE = Automatic;
				CURRENT_PROJECT_VERSION = 1;
				GENERATE_INFOPLIST_FILE = YES;
				INFOPLIST_FILE = GithubAPI/Info.plist;
				INFOPLIST_KEY_UIApplicationSupportsIndirectInputEvents = YES;
				INFOPLIST_KEY_UILaunchStoryboardName = LaunchScreen;
				INFOPLIST_KEY_UIMainStoryboardFile = Main;
				INFOPLIST_KEY_UISupportedInterfaceOrientations_iPad = "UIInterfaceOrientationPortrait UIInterfaceOrientationPortraitUpsideDown UIInterfaceOrientationLandscapeLeft UIInterfaceOrientationLandscapeRight";
				INFOPLIST_KEY_UISupportedInterfaceOrientations_iPhone = "UIInterfaceOrientationPortrait UIInterfaceOrientationLandscapeLeft UIInterfaceOrientationLandscapeRight";
				IPHONEOS_DEPLOYMENT_TARGET = 16.0;
				LD_RUNPATH_SEARCH_PATHS = (
					"$(inherited)",
					"@executable_path/Frameworks",
				);
				MARKETING_VERSION = 1.0;
				PRODUCT_BUNDLE_IDENTIFIER = com.rexjamesg.gutHubApi.GithubAPI;
				PRODUCT_NAME = "$(TARGET_NAME)";
				SWIFT_EMIT_LOC_STRINGS = YES;
				SWIFT_VERSION = 5.0;
				TARGETED_DEVICE_FAMILY = "1,2";
			};
			name = Release;
		};
/* End XCBuildConfiguration section */

/* Begin XCConfigurationList section */
		513A519C2DC1C230000B2BCF /* Build configuration list for PBXProject "GithubAPI" */ = {
			isa = XCConfigurationList;
			buildConfigurations = (
				513A51B32DC1C232000B2BCF /* Debug */,
				513A51B42DC1C232000B2BCF /* Release */,
			);
			defaultConfigurationIsVisible = 0;
			defaultConfigurationName = Release;
		};
		513A51B52DC1C232000B2BCF /* Build configuration list for PBXNativeTarget "GithubAPI" */ = {
			isa = XCConfigurationList;
			buildConfigurations = (
				513A51B62DC1C232000B2BCF /* Debug */,
				513A51B72DC1C232000B2BCF /* Release */,
			);
			defaultConfigurationIsVisible = 0;
			defaultConfigurationName = Release;
		};
/* End XCConfigurationList section */

/* Begin XCRemoteSwiftPackageReference section */
		513A51C02DC1D4FD000B2BCF /* XCRemoteSwiftPackageReference "Alamofire" */ = {
			isa = XCRemoteSwiftPackageReference;
			repositoryURL = "https://github.com/Alamofire/Alamofire.git";
			requirement = {
				kind = upToNextMajorVersion;
				minimumVersion = 5.0.0;
			};
		};
		513A51DA2DC23502000B2BCF /* XCRemoteSwiftPackageReference "Kingfisher" */ = {
			isa = XCRemoteSwiftPackageReference;
			repositoryURL = "https://github.com/onevcat/Kingfisher.git";
			requirement = {
				kind = upToNextMajorVersion;
				minimumVersion = 7.0.0;
			};
		};
/* End XCRemoteSwiftPackageReference section */

/* Begin XCSwiftPackageProductDependency section */
		513A51C12DC1D4FD000B2BCF /* Alamofire */ = {
			isa = XCSwiftPackageProductDependency;
			package = 513A51C02DC1D4FD000B2BCF /* XCRemoteSwiftPackageReference "Alamofire" */;
			productName = Alamofire;
		};
		513A51DB2DC23502000B2BCF /* Kingfisher */ = {
			isa = XCSwiftPackageProductDependency;
			package = 513A51DA2DC23502000B2BCF /* XCRemoteSwiftPackageReference "Kingfisher" */;
			productName = Kingfisher;
		};
/* End XCSwiftPackageProductDependency section */
	};
	rootObject = 513A51992DC1C230000B2BCF /* Project object */;
}
